# This file is automatically @generated by Cargo.
# It is not intended for manual editing.
version = 4

[[package]]
name = "bion"
version = "0.1.0"
dependencies = [
 "bion-connectome",
 "bion-cortex",
 "bion-genesis",
 "bion-membrane",
 "bion-soma",
]

[[package]]
name = "bion-connectome"
version = "0.1.0"

[[package]]
name = "bion-cortex"
version = "0.1.0"

[[package]]
name = "bion-genesis"
version = "0.1.0"

[[package]]
name = "bion-membrane"
version = "0.1.0"

[[package]]
name = "bion-soma"
version = "0.1.0"
